// !$*UTF8*$!
{
	archiveVersion = 1;
	classes = {
	};
	objectVersion = 39;
	objects = {
		82219BE0091CD5CA0045CB9C = {
			children = (
				82219C95091CDEE00045CB9C,
			);
			isa = PBXGroup;
			refType = 4;
			sourceTree = "<group>";
		};
		82219BE2091CD5CA0045CB9C = {
			buildSettings = {
				COPY_PHASE_STRIP = NO;
				GCC_C_LANGUAGE_STANDARD = c99;
				GCC_PREPROCESSOR_DEFINITIONS = "VERSIONSTR=\\\"Dev\\\" VERSION=\\\"0.0.05XXXX\\\" PACKAGE=\\\"gbot\\\" DEBUG HAVE_PTHREAD=1";
				GCC_WARN_PEDANTIC = YES;
				WARNING_CFLAGS = "-Wall -pedantic";
			};
			isa = PBXBuildStyle;
			name = Development;
		};
		82219BE3091CD5CA0045CB9C = {
			buildSettings = {
				COPY_PHASE_STRIP = YES;
				GCC_C_LANGUAGE_STANDARD = c99;
				GCC_OPTIMIZATION_LEVEL = 3;
				GCC_PREPROCESSOR_DEFINITIONS = "VERSIONSTR=\\\"Dev\\\" VERSION=\\\"0.0.05XXXX\\\" RUN_AS_DAEMON=1 HAVE_PTHREAD=1 PACKAGE=\\\"gbot\\\"";
				GCC_WARN_PEDANTIC = YES;
				WARNING_CFLAGS = "-Wall -pedantic";
			};
			isa = PBXBuildStyle;
			name = Deployment;
		};
		82219BE4091CD5CA0045CB9C = {
			buildSettings = {
			};
			buildStyles = (
				82219BE2091CD5CA0045CB9C,
				82219BE3091CD5CA0045CB9C,
			);
			hasScannedForEncodings = 0;
			isa = PBXProject;
			mainGroup = 82219BE0091CD5CA0045CB9C;
			productRefGroup = 82219BE0091CD5CA0045CB9C;
			projectDirPath = "";
			targets = (
				82219C98091CE0540045CB9C,
			);
		};
		82219C5A091CDAC40045CB9C = {
			fileEncoding = 4;
			isa = PBXFileReference;
			lastKnownFileType = sourcecode.c.h;
			name = defaults.h;
			path = src/defaults.h;
			refType = 4;
			sourceTree = "<group>";
		};
		82219C5B091CDAC40045CB9C = {
			fileEncoding = 4;
			isa = PBXFileReference;
			lastKnownFileType = sourcecode.c.c;
			name = events.c;
			path = src/events.c;
			refType = 4;
			sourceTree = "<group>";
		};
		82219C5C091CDAC40045CB9C = {
			fileEncoding = 4;
			isa = PBXFileReference;
			lastKnownFileType = sourcecode.c.h;
			name = events.h;
			path = src/events.h;
			refType = 4;
			sourceTree = "<group>";
		};
		82219C5D091CDAC40045CB9C = {
			fileEncoding = 4;
			isa = PBXFileReference;
			lastKnownFileType = sourcecode.c.c;
			name = lib.c;
			path = src/lib.c;
			refType = 4;
			sourceTree = "<group>";
		};
		82219C5E091CDAC40045CB9C = {
			fileEncoding = 4;
			isa = PBXFileReference;
			lastKnownFileType = sourcecode.c.h;
			name = lib.h;
			path = src/lib.h;
			refType = 4;
			sourceTree = "<group>";
		};
		82219C5F091CDAC40045CB9C = {
			fileEncoding = 4;
			isa = PBXFileReference;
			lastKnownFileType = sourcecode.c.c;
			name = logging.c;
			path = src/logging.c;
			refType = 4;
			sourceTree = "<group>";
		};
		82219C60091CDAC40045CB9C = {
			fileEncoding = 4;
			isa = PBXFileReference;
			lastKnownFileType = sourcecode.c.h;
			name = logging.h;
			path = src/logging.h;
			refType = 4;
			sourceTree = "<group>";
		};
		82219C61091CDAC40045CB9C = {
			fileEncoding = 4;
			isa = PBXFileReference;
			lastKnownFileType = sourcecode.c.c;
			name = main.c;
			path = src/main.c;
			refType = 4;
			sourceTree = "<group>";
		};
		82219C62091CDAC40045CB9C = {
			fileEncoding = 4;
			isa = PBXFileReference;
			lastKnownFileType = sourcecode.c.h;
			name = main.h;
			path = src/main.h;
			refType = 4;
			sourceTree = "<group>";
		};
		82219C63091CDAC40045CB9C = {
			fileEncoding = 4;
			isa = PBXFileReference;
			lastKnownFileType = sourcecode.c.c;
			name = net.c;
			path = src/net.c;
			refType = 4;
			sourceTree = "<group>";
		};
		82219C64091CDAC40045CB9C = {
			fileEncoding = 4;
			isa = PBXFileReference;
			lastKnownFileType = sourcecode.c.h;
			name = net.h;
			path = src/net.h;
			refType = 4;
			sourceTree = "<group>";
		};
		82219C65091CDAC40045CB9C = {
			fileEncoding = 4;
			isa = PBXFileReference;
			lastKnownFileType = sourcecode.c.c;
			name = readcfg.c;
			path = src/readcfg.c;
			refType = 4;
			sourceTree = "<group>";
		};
		82219C66091CDAC40045CB9C = {
			fileEncoding = 4;
			isa = PBXFileReference;
			lastKnownFileType = sourcecode.c.h;
			name = readcfg.h;
			path = src/readcfg.h;
			refType = 4;
			sourceTree = "<group>";
		};
		82219C67091CDAC40045CB9C = {
			fileEncoding = 4;
			isa = PBXFileReference;
			lastKnownFileType = sourcecode.c.c;
			name = server.c;
			path = src/server.c;
			refType = 4;
			sourceTree = "<group>";
		};
		82219C68091CDAC40045CB9C = {
			fileEncoding = 4;
			isa = PBXFileReference;
			lastKnownFileType = sourcecode.c.h;
			name = server.h;
			path = src/server.h;
			refType = 4;
			sourceTree = "<group>";
		};
		82219C69091CDAC40045CB9C = {
			fileEncoding = 4;
			isa = PBXFileReference;
			lastKnownFileType = sourcecode.c.c;
			name = session.c;
			path = src/session.c;
			refType = 4;
			sourceTree = "<group>";
		};
		82219C6A091CDAC40045CB9C = {
			fileEncoding = 4;
			isa = PBXFileReference;
			lastKnownFileType = sourcecode.c.h;
			name = session.h;
			path = src/session.h;
			refType = 4;
			sourceTree = "<group>";
		};
		82219C95091CDEE00045CB9C = {
			children = (
				82219C62091CDAC40045CB9C,
				82219C5B091CDAC40045CB9C,
				82219C68091CDAC40045CB9C,
				82219C66091CDAC40045CB9C,
				82219C5E091CDAC40045CB9C,
				82219C65091CDAC40045CB9C,
				82219C63091CDAC40045CB9C,
				82219C6A091CDAC40045CB9C,
				82219C61091CDAC40045CB9C,
				82219C5A091CDAC40045CB9C,
				82219C5C091CDAC40045CB9C,
				82219C60091CDAC40045CB9C,
				82219C5F091CDAC40045CB9C,
				82219C64091CDAC40045CB9C,
				82219C67091CDAC40045CB9C,
				82219C5D091CDAC40045CB9C,
				82219C69091CDAC40045CB9C,
			);
			isa = PBXGroup;
			name = gbot;
			refType = 4;
			sourceTree = "<group>";
		};
		82219C96091CE0540045CB9C = {
			buildActionMask = 2147483647;
			files = (
				82219CA3091CE1890045CB9C,
				82219CA7091CE1910045CB9C,
				82219CA8091CE1920045CB9C,
				82219CA9091CE1940045CB9C,
				82219CAA091CE1940045CB9C,
				82219CAB091CE1960045CB9C,
				82219CAC091CE1970045CB9C,
			);
			isa = PBXSourcesBuildPhase;
			runOnlyForDeploymentPostprocessing = 0;
		};
		82219C97091CE0540045CB9C = {
			buildActionMask = 2147483647;
			files = (
			);
			isa = PBXFrameworksBuildPhase;
			runOnlyForDeploymentPostprocessing = 0;
		};
		82219C98091CE0540045CB9C = {
			buildPhases = (
				82219C96091CE0540045CB9C,
				82219C97091CE0540045CB9C,
			);
			buildRules = (
			);
			buildSettings = {
				GCC_GENERATE_DEBUGGING_SYMBOLS = NO;
				GCC_MODEL_TUNING = G5;
				INSTALL_PATH = "$(HOME)/bin";
				OPTIMIZATION_CFLAGS = "";
				OTHER_CFLAGS = "";
				OTHER_LDFLAGS = "";
				OTHER_REZFLAGS = "";
				PREBINDING = NO;
				PRODUCT_NAME = gbot;
				SECTORDER_FLAGS = "";
				WARNING_CFLAGS = "-Wmost -Wno-four-char-constants -Wno-unknown-pragmas";
			};
			dependencies = (
			);
			isa = PBXNativeTarget;
			name = gbot;
			productName = gbot;
			productReference = 82219C99091CE0540045CB9C;
			productType = "com.apple.product-type.tool";
		};
		82219C99091CE0540045CB9C = {
			explicitFileType = "compiled.mach-o.executable";
			includeInIndex = 0;
			isa = PBXFileReference;
			name = gbot;
			path = /Volumes/referencia/jose/1/gbot/build/gbot;
			refType = 0;
			sourceTree = "<absolute>";
		};
		82219CA3091CE1890045CB9C = {
			fileRef = 82219C5B091CDAC40045CB9C;
			isa = PBXBuildFile;
			settings = {
			};
		};
		82219CA7091CE1910045CB9C = {
			fileRef = 82219C65091CDAC40045CB9C;
			isa = PBXBuildFile;
			settings = {
			};
		};
		82219CA8091CE1920045CB9C = {
			fileRef = 82219C63091CDAC40045CB9C;
			isa = PBXBuildFile;
			settings = {
			};
		};
		82219CA9091CE1940045CB9C = {
			fileRef = 82219C5F091CDAC40045CB9C;
			isa = PBXBuildFile;
			settings = {
			};
		};
		82219CAA091CE1940045CB9C = {
			fileRef = 82219C61091CDAC40045CB9C;
			isa = PBXBuildFile;
			settings = {
			};
		};
		82219CAB091CE1960045CB9C = {
			fileRef = 82219C67091CDAC40045CB9C;
			isa = PBXBuildFile;
			settings = {
			};
		};
		82219CAC091CE1970045CB9C = {
			fileRef = 82219C5D091CDAC40045CB9C;
			isa = PBXBuildFile;
			settings = {
			};
		};
	};
	rootObject = 82219BE4091CD5CA0045CB9C;
}
